
Microsoft Visual Studio Solution File, Format Version 12.00
# Visual Studio Version 17
VisualStudioVersion = 17.13.35919.96 d17.13
MinimumVisualStudioVersion = 10.0.40219.1
Project("{FAE04EC0-301F-11D3-BF4B-00C04F79EFBC}") = "ProductsApp", "ProductsApp\ProductsApp.csproj", "{75EFC168-5476-41C7-8493-5A53AE11D763}"
EndProject
Project("{FAE04EC0-301F-11D3-BF4B-00C04F79EFBC}") = "ProductsApp.Tests", "ProductsApp.Tests\ProductsApp.Tests.csproj", "{E1C69A20-2632-4E7B-AF89-CBF7906958C4}"
EndProject
Global
	GlobalSection(SolutionConfigurationPlatforms) = preSolution
		Debug|Any CPU = Debug|Any CPU
		Release|Any CPU = Release|Any CPU
	EndGlobalSection
	GlobalSection(ProjectConfigurationPlatforms) = postSolution
		{75EFC168-5476-41C7-8493-5A53AE11D763}.Debug|Any CPU.ActiveCfg = Debug|Any CPU
		{75EFC168-5476-41C7-8493-5A53AE11D763}.Debug|Any CPU.Build.0 = Debug|Any CPU
		{75EFC168-5476-41C7-8493-5A53AE11D763}.Release|Any CPU.ActiveCfg = Release|Any CPU
		{75EFC168-5476-41C7-8493-5A53AE11D763}.Release|Any CPU.Build.0 = Release|Any CPU
		{E1C69A20-2632-4E7B-AF89-CBF7906958C4}.Debug|Any CPU.ActiveCfg = Debug|Any CPU
		{E1C69A20-2632-4E7B-AF89-CBF7906958C4}.Debug|Any CPU.Build.0 = Debug|Any CPU
		{E1C69A20-2632-4E7B-AF89-CBF7906958C4}.Release|Any CPU.ActiveCfg = Release|Any CPU
		{E1C69A20-2632-4E7B-AF89-CBF7906958C4}.Release|Any CPU.Build.0 = Release|Any CPU
	EndGlobalSection
	GlobalSection(SolutionProperties) = preSolution
		HideSolutionNode = FALSE
	EndGlobalSection
	GlobalSection(ExtensibilityGlobals) = postSolution
		SolutionGuid = {B5B1E075-5DF5-433C-BC39-7D173C429DB7}
	EndGlobalSection
EndGlobal
